lockfileVersion: '9.0'

settings:
  autoInstallPeers: true
  excludeLinksFromLockfile: false

importers:

  .:
    dependencies:
      sass-embedded:
        specifier: ^1.89.1
        version: 1.89.1
      three:
        specifier: ^0.176.0
        version: 0.176.0
    devDependencies:
      vite:
        specifier: ^6.3.5
        version: 6.3.5(@types/node@22.15.14)(sass-embedded@1.89.1)
      vite-plugin-singlefile:
        specifier: ^2.2.0
        version: 2.2.0(rollup@4.40.2)(vite@6.3.5(@types/node@22.15.14)(sass-embedded@1.89.1))

packages:

  '@bufbuild/protobuf@2.5.1':
    resolution: {integrity: sha512-lut4UTvKL8tqtend0UDu7R79/n9jA7Jtxf77RNPbxtmWqfWI4qQ9bTjf7KCS4vfqLmpQbuHr1ciqJumAgJODdw==}

  '@esbuild/aix-ppc64@0.25.4':
    resolution: {integrity: sha512-1VCICWypeQKhVbE9oW/sJaAmjLxhVqacdkvPLEjwlttjfwENRSClS8EjBz0KzRyFSCPDIkuXW34Je/vk7zdB7Q==}
    engines: {node: '>=18'}
    cpu: [ppc64]
    os: [aix]

  '@esbuild/android-arm64@0.25.4':
    resolution: {integrity: sha512-bBy69pgfhMGtCnwpC/x5QhfxAz/cBgQ9enbtwjf6V9lnPI/hMyT9iWpR1arm0l3kttTr4L0KSLpKmLp/ilKS9A==}
    engines: {node: '>=18'}
    cpu: [arm64]
    os: [android]

  '@esbuild/android-arm@0.25.4':
    resolution: {integrity: sha512-QNdQEps7DfFwE3hXiU4BZeOV68HHzYwGd0Nthhd3uCkkEKK7/R6MTgM0P7H7FAs5pU/DIWsviMmEGxEoxIZ+ZQ==}
    engines: {node: '>=18'}
    cpu: [arm]
    os: [android]

  '@esbuild/android-x64@0.25.4':
    resolution: {integrity: sha512-TVhdVtQIFuVpIIR282btcGC2oGQoSfZfmBdTip2anCaVYcqWlZXGcdcKIUklfX2wj0JklNYgz39OBqh2cqXvcQ==}
    engines: {node: '>=18'}
    cpu: [x64]
    os: [android]

  '@esbuild/darwin-arm64@0.25.4':
    resolution: {integrity: sha512-Y1giCfM4nlHDWEfSckMzeWNdQS31BQGs9/rouw6Ub91tkK79aIMTH3q9xHvzH8d0wDru5Ci0kWB8b3up/nl16g==}
    engines: {node: '>=18'}
    cpu: [arm64]
    os: [darwin]

  '@esbuild/darwin-x64@0.25.4':
    resolution: {integrity: sha512-CJsry8ZGM5VFVeyUYB3cdKpd/H69PYez4eJh1W/t38vzutdjEjtP7hB6eLKBoOdxcAlCtEYHzQ/PJ/oU9I4u0A==}
    engines: {node: '>=18'}
    cpu: [x64]
    os: [darwin]

  '@esbuild/freebsd-arm64@0.25.4':
    resolution: {integrity: sha512-yYq+39NlTRzU2XmoPW4l5Ifpl9fqSk0nAJYM/V/WUGPEFfek1epLHJIkTQM6bBs1swApjO5nWgvr843g6TjxuQ==}
    engines: {node: '>=18'}
    cpu: [arm64]
    os: [freebsd]

  '@esbuild/freebsd-x64@0.25.4':
    resolution: {integrity: sha512-0FgvOJ6UUMflsHSPLzdfDnnBBVoCDtBTVyn/MrWloUNvq/5SFmh13l3dvgRPkDihRxb77Y17MbqbCAa2strMQQ==}
    engines: {node: '>=18'}
    cpu: [x64]
    os: [freebsd]

  '@esbuild/linux-arm64@0.25.4':
    resolution: {integrity: sha512-+89UsQTfXdmjIvZS6nUnOOLoXnkUTB9hR5QAeLrQdzOSWZvNSAXAtcRDHWtqAUtAmv7ZM1WPOOeSxDzzzMogiQ==}
    engines: {node: '>=18'}
    cpu: [arm64]
    os: [linux]

  '@esbuild/linux-arm@0.25.4':
    resolution: {integrity: sha512-kro4c0P85GMfFYqW4TWOpvmF8rFShbWGnrLqlzp4X1TNWjRY3JMYUfDCtOxPKOIY8B0WC8HN51hGP4I4hz4AaQ==}
    engines: {node: '>=18'}
    cpu: [arm]
    os: [linux]

  '@esbuild/linux-ia32@0.25.4':
    resolution: {integrity: sha512-yTEjoapy8UP3rv8dB0ip3AfMpRbyhSN3+hY8mo/i4QXFeDxmiYbEKp3ZRjBKcOP862Ua4b1PDfwlvbuwY7hIGQ==}
    engines: {node: '>=18'}
    cpu: [ia32]
    os: [linux]

  '@esbuild/linux-loong64@0.25.4':
    resolution: {integrity: sha512-NeqqYkrcGzFwi6CGRGNMOjWGGSYOpqwCjS9fvaUlX5s3zwOtn1qwg1s2iE2svBe4Q/YOG1q6875lcAoQK/F4VA==}
    engines: {node: '>=18'}
    cpu: [loong64]
    os: [linux]

  '@esbuild/linux-mips64el@0.25.4':
    resolution: {integrity: sha512-IcvTlF9dtLrfL/M8WgNI/qJYBENP3ekgsHbYUIzEzq5XJzzVEV/fXY9WFPfEEXmu3ck2qJP8LG/p3Q8f7Zc2Xg==}
    engines: {node: '>=18'}
    cpu: [mips64el]
    os: [linux]

  '@esbuild/linux-ppc64@0.25.4':
    resolution: {integrity: sha512-HOy0aLTJTVtoTeGZh4HSXaO6M95qu4k5lJcH4gxv56iaycfz1S8GO/5Jh6X4Y1YiI0h7cRyLi+HixMR+88swag==}
    engines: {node: '>=18'}
    cpu: [ppc64]
    os: [linux]

  '@esbuild/linux-riscv64@0.25.4':
    resolution: {integrity: sha512-i8JUDAufpz9jOzo4yIShCTcXzS07vEgWzyX3NH2G7LEFVgrLEhjwL3ajFE4fZI3I4ZgiM7JH3GQ7ReObROvSUA==}
    engines: {node: '>=18'}
    cpu: [riscv64]
    os: [linux]

  '@esbuild/linux-s390x@0.25.4':
    resolution: {integrity: sha512-jFnu+6UbLlzIjPQpWCNh5QtrcNfMLjgIavnwPQAfoGx4q17ocOU9MsQ2QVvFxwQoWpZT8DvTLooTvmOQXkO51g==}
    engines: {node: '>=18'}
    cpu: [s390x]
    os: [linux]

  '@esbuild/linux-x64@0.25.4':
    resolution: {integrity: sha512-6e0cvXwzOnVWJHq+mskP8DNSrKBr1bULBvnFLpc1KY+d+irZSgZ02TGse5FsafKS5jg2e4pbvK6TPXaF/A6+CA==}
    engines: {node: '>=18'}
    cpu: [x64]
    os: [linux]

  '@esbuild/netbsd-arm64@0.25.4':
    resolution: {integrity: sha512-vUnkBYxZW4hL/ie91hSqaSNjulOnYXE1VSLusnvHg2u3jewJBz3YzB9+oCw8DABeVqZGg94t9tyZFoHma8gWZQ==}
    engines: {node: '>=18'}
    cpu: [arm64]
    os: [netbsd]

  '@esbuild/netbsd-x64@0.25.4':
    resolution: {integrity: sha512-XAg8pIQn5CzhOB8odIcAm42QsOfa98SBeKUdo4xa8OvX8LbMZqEtgeWE9P/Wxt7MlG2QqvjGths+nq48TrUiKw==}
    engines: {node: '>=18'}
    cpu: [x64]
    os: [netbsd]

  '@esbuild/openbsd-arm64@0.25.4':
    resolution: {integrity: sha512-Ct2WcFEANlFDtp1nVAXSNBPDxyU+j7+tId//iHXU2f/lN5AmO4zLyhDcpR5Cz1r08mVxzt3Jpyt4PmXQ1O6+7A==}
    engines: {node: '>=18'}
    cpu: [arm64]
    os: [openbsd]

  '@esbuild/openbsd-x64@0.25.4':
    resolution: {integrity: sha512-xAGGhyOQ9Otm1Xu8NT1ifGLnA6M3sJxZ6ixylb+vIUVzvvd6GOALpwQrYrtlPouMqd/vSbgehz6HaVk4+7Afhw==}
    engines: {node: '>=18'}
    cpu: [x64]
    os: [openbsd]

  '@esbuild/sunos-x64@0.25.4':
    resolution: {integrity: sha512-Mw+tzy4pp6wZEK0+Lwr76pWLjrtjmJyUB23tHKqEDP74R3q95luY/bXqXZeYl4NYlvwOqoRKlInQialgCKy67Q==}
    engines: {node: '>=18'}
    cpu: [x64]
    os: [sunos]

  '@esbuild/win32-arm64@0.25.4':
    resolution: {integrity: sha512-AVUP428VQTSddguz9dO9ngb+E5aScyg7nOeJDrF1HPYu555gmza3bDGMPhmVXL8svDSoqPCsCPjb265yG/kLKQ==}
    engines: {node: '>=18'}
    cpu: [arm64]
    os: [win32]

  '@esbuild/win32-ia32@0.25.4':
    resolution: {integrity: sha512-i1sW+1i+oWvQzSgfRcxxG2k4I9n3O9NRqy8U+uugaT2Dy7kLO9Y7wI72haOahxceMX8hZAzgGou1FhndRldxRg==}
    engines: {node: '>=18'}
    cpu: [ia32]
    os: [win32]

  '@esbuild/win32-x64@0.25.4':
    resolution: {integrity: sha512-nOT2vZNw6hJ+z43oP1SPea/G/6AbN6X+bGNhNuq8NtRHy4wsMhw765IKLNmnjek7GvjWBYQ8Q5VBoYTFg9y1UQ==}
    engines: {node: '>=18'}
    cpu: [x64]
    os: [win32]

  '@rollup/rollup-android-arm-eabi@4.40.2':
    resolution: {integrity: sha512-JkdNEq+DFxZfUwxvB58tHMHBHVgX23ew41g1OQinthJ+ryhdRk67O31S7sYw8u2lTjHUPFxwar07BBt1KHp/hg==}
    cpu: [arm]
    os: [android]

  '@rollup/rollup-android-arm64@4.40.2':
    resolution: {integrity: sha512-13unNoZ8NzUmnndhPTkWPWbX3vtHodYmy+I9kuLxN+F+l+x3LdVF7UCu8TWVMt1POHLh6oDHhnOA04n8oJZhBw==}
    cpu: [arm64]
    os: [android]

  '@rollup/rollup-darwin-arm64@4.40.2':
    resolution: {integrity: sha512-Gzf1Hn2Aoe8VZzevHostPX23U7N5+4D36WJNHK88NZHCJr7aVMG4fadqkIf72eqVPGjGc0HJHNuUaUcxiR+N/w==}
    cpu: [arm64]
    os: [darwin]

  '@rollup/rollup-darwin-x64@4.40.2':
    resolution: {integrity: sha512-47N4hxa01a4x6XnJoskMKTS8XZ0CZMd8YTbINbi+w03A2w4j1RTlnGHOz/P0+Bg1LaVL6ufZyNprSg+fW5nYQQ==}
    cpu: [x64]
    os: [darwin]

  '@rollup/rollup-freebsd-arm64@4.40.2':
    resolution: {integrity: sha512-8t6aL4MD+rXSHHZUR1z19+9OFJ2rl1wGKvckN47XFRVO+QL/dUSpKA2SLRo4vMg7ELA8pzGpC+W9OEd1Z/ZqoQ==}
    cpu: [arm64]
    os: [freebsd]

  '@rollup/rollup-freebsd-x64@4.40.2':
    resolution: {integrity: sha512-C+AyHBzfpsOEYRFjztcYUFsH4S7UsE9cDtHCtma5BK8+ydOZYgMmWg1d/4KBytQspJCld8ZIujFMAdKG1xyr4Q==}
    cpu: [x64]
    os: [freebsd]

  '@rollup/rollup-linux-arm-gnueabihf@4.40.2':
    resolution: {integrity: sha512-de6TFZYIvJwRNjmW3+gaXiZ2DaWL5D5yGmSYzkdzjBDS3W+B9JQ48oZEsmMvemqjtAFzE16DIBLqd6IQQRuG9Q==}
    cpu: [arm]
    os: [linux]

  '@rollup/rollup-linux-arm-musleabihf@4.40.2':
    resolution: {integrity: sha512-urjaEZubdIkacKc930hUDOfQPysezKla/O9qV+O89enqsqUmQm8Xj8O/vh0gHg4LYfv7Y7UsE3QjzLQzDYN1qg==}
    cpu: [arm]
    os: [linux]

  '@rollup/rollup-linux-arm64-gnu@4.40.2':
    resolution: {integrity: sha512-KlE8IC0HFOC33taNt1zR8qNlBYHj31qGT1UqWqtvR/+NuCVhfufAq9fxO8BMFC22Wu0rxOwGVWxtCMvZVLmhQg==}
    cpu: [arm64]
    os: [linux]

  '@rollup/rollup-linux-arm64-musl@4.40.2':
    resolution: {integrity: sha512-j8CgxvfM0kbnhu4XgjnCWJQyyBOeBI1Zq91Z850aUddUmPeQvuAy6OiMdPS46gNFgy8gN1xkYyLgwLYZG3rBOg==}
    cpu: [arm64]
    os: [linux]

  '@rollup/rollup-linux-loongarch64-gnu@4.40.2':
    resolution: {integrity: sha512-Ybc/1qUampKuRF4tQXc7G7QY9YRyeVSykfK36Y5Qc5dmrIxwFhrOzqaVTNoZygqZ1ZieSWTibfFhQ5qK8jpWxw==}
    cpu: [loong64]
    os: [linux]

  '@rollup/rollup-linux-powerpc64le-gnu@4.40.2':
    resolution: {integrity: sha512-3FCIrnrt03CCsZqSYAOW/k9n625pjpuMzVfeI+ZBUSDT3MVIFDSPfSUgIl9FqUftxcUXInvFah79hE1c9abD+Q==}
    cpu: [ppc64]
    os: [linux]

  '@rollup/rollup-linux-riscv64-gnu@4.40.2':
    resolution: {integrity: sha512-QNU7BFHEvHMp2ESSY3SozIkBPaPBDTsfVNGx3Xhv+TdvWXFGOSH2NJvhD1zKAT6AyuuErJgbdvaJhYVhVqrWTg==}
    cpu: [riscv64]
    os: [linux]

  '@rollup/rollup-linux-riscv64-musl@4.40.2':
    resolution: {integrity: sha512-5W6vNYkhgfh7URiXTO1E9a0cy4fSgfE4+Hl5agb/U1sa0kjOLMLC1wObxwKxecE17j0URxuTrYZZME4/VH57Hg==}
    cpu: [riscv64]
    os: [linux]

  '@rollup/rollup-linux-s390x-gnu@4.40.2':
    resolution: {integrity: sha512-B7LKIz+0+p348JoAL4X/YxGx9zOx3sR+o6Hj15Y3aaApNfAshK8+mWZEf759DXfRLeL2vg5LYJBB7DdcleYCoQ==}
    cpu: [s390x]
    os: [linux]

  '@rollup/rollup-linux-x64-gnu@4.40.2':
    resolution: {integrity: sha512-lG7Xa+BmBNwpjmVUbmyKxdQJ3Q6whHjMjzQplOs5Z+Gj7mxPtWakGHqzMqNER68G67kmCX9qX57aRsW5V0VOng==}
    cpu: [x64]
    os: [linux]

  '@rollup/rollup-linux-x64-musl@4.40.2':
    resolution: {integrity: sha512-tD46wKHd+KJvsmije4bUskNuvWKFcTOIM9tZ/RrmIvcXnbi0YK/cKS9FzFtAm7Oxi2EhV5N2OpfFB348vSQRXA==}
    cpu: [x64]
    os: [linux]

  '@rollup/rollup-win32-arm64-msvc@4.40.2':
    resolution: {integrity: sha512-Bjv/HG8RRWLNkXwQQemdsWw4Mg+IJ29LK+bJPW2SCzPKOUaMmPEppQlu/Fqk1d7+DX3V7JbFdbkh/NMmurT6Pg==}
    cpu: [arm64]
    os: [win32]

  '@rollup/rollup-win32-ia32-msvc@4.40.2':
    resolution: {integrity: sha512-dt1llVSGEsGKvzeIO76HToiYPNPYPkmjhMHhP00T9S4rDern8P2ZWvWAQUEJ+R1UdMWJ/42i/QqJ2WV765GZcA==}
    cpu: [ia32]
    os: [win32]

  '@rollup/rollup-win32-x64-msvc@4.40.2':
    resolution: {integrity: sha512-bwspbWB04XJpeElvsp+DCylKfF4trJDa2Y9Go8O6A7YLX2LIKGcNK/CYImJN6ZP4DcuOHB4Utl3iCbnR62DudA==}
    cpu: [x64]
    os: [win32]

  '@types/estree@1.0.7':
    resolution: {integrity: sha512-w28IoSUCJpidD/TGviZwwMJckNESJZXFu7NBZ5YJ4mEUnNraUn9Pm8HSZm/jDF1pDWYKspWE7oVphigUPRakIQ==}

  '@types/node@22.15.14':
    resolution: {integrity: sha512-BL1eyu/XWsFGTtDWOYULQEs4KR0qdtYfCxYAUYRoB7JP7h9ETYLgQTww6kH8Sj2C0pFGgrpM0XKv6/kbIzYJ1g==}

  braces@3.0.3:
    resolution: {integrity: sha512-yQbXgO/OSZVD2IsiLlro+7Hf6Q18EJrKSEsdoMzKePKXct3gvD8oLcOQdIzGupr5Fj+EDe8gO/lxc1BzfMpxvA==}
    engines: {node: '>=8'}

  buffer-builder@0.2.0:
    resolution: {integrity: sha512-7VPMEPuYznPSoR21NE1zvd2Xna6c/CloiZCfcMXR1Jny6PjX0N4Nsa38zcBFo/FMK+BlA+FLKbJCQ0i2yxp+Xg==}

  colorjs.io@0.5.2:
    resolution: {integrity: sha512-twmVoizEW7ylZSN32OgKdXRmo1qg+wT5/6C3xu5b9QsWzSFAhHLn2xd8ro0diCsKfCj1RdaTP/nrcW+vAoQPIw==}

  esbuild@0.25.4:
    resolution: {integrity: sha512-8pgjLUcUjcgDg+2Q4NYXnPbo/vncAY4UmyaCm0jZevERqCHZIaWwdJHkf8XQtu4AxSKCdvrUbT0XUr1IdZzI8Q==}
    engines: {node: '>=18'}
    hasBin: true

  fdir@6.4.4:
    resolution: {integrity: sha512-1NZP+GK4GfuAv3PqKvxQRDMjdSRZjnkq7KfhlNrCNNlZ0ygQFpebfrnfnq/W7fpUnAv9aGWmY1zKx7FYL3gwhg==}
    peerDependencies:
      picomatch: ^3 || ^4
    peerDependenciesMeta:
      picomatch:
        optional: true

  fill-range@7.1.1:
    resolution: {integrity: sha512-YsGpe3WHLK8ZYi4tWDg2Jy3ebRz2rXowDxnld4bkQB00cc/1Zw9AWnC0i9ztDJitivtQvaI9KaLyKrc+hBW0yg==}
    engines: {node: '>=8'}

  fsevents@2.3.3:
    resolution: {integrity: sha512-5xoDfX+fL7faATnagmWPpbFtwh/R77WmMMqqHGS65C3vvB0YHrgF+B1YmZ3441tMj5n63k0212XNoJwzlhffQw==}
    engines: {node: ^8.16.0 || ^10.6.0 || >=11.0.0}
    os: [darwin]

  has-flag@4.0.0:
    resolution: {integrity: sha512-EykJT/Q1KjTWctppgIAgfSO0tKVuZUjhgMr17kqTumMl6Afv3EISleU7qZUzoXDFTAHTDC4NOoG/ZxU3EvlMPQ==}
    engines: {node: '>=8'}

  immutable@5.1.2:
    resolution: {integrity: sha512-qHKXW1q6liAk1Oys6umoaZbDRqjcjgSrbnrifHsfsttza7zcvRAsL7mMV6xWcyhwQy7Xj5v4hhbr6b+iDYwlmQ==}

  is-number@7.0.0:
    resolution: {integrity: sha512-41Cifkg6e8TylSpdtTpeLVMqvSBEVzTttHvERD741+pnZ8ANv0004MRL43QKPDlK9cGvNp6NZWZUBlbGXYxxng==}
    engines: {node: '>=0.12.0'}

  micromatch@4.0.8:
    resolution: {integrity: sha512-PXwfBhYu0hBCPw8Dn0E+WDYb7af3dSLVWKi3HGv84IdF4TyFoC0ysxFd0Goxw7nSv4T/PzEJQxsYsEiFCKo2BA==}
    engines: {node: '>=8.6'}

  nanoid@3.3.11:
    resolution: {integrity: sha512-N8SpfPUnUp1bK+PMYW8qSWdl9U+wwNWI4QKxOYDy9JAro3WMX7p2OeVRF9v+347pnakNevPmiHhNmZ2HbFA76w==}
    engines: {node: ^10 || ^12 || ^13.7 || ^14 || >=15.0.1}
    hasBin: true

  picocolors@1.1.1:
    resolution: {integrity: sha512-xceH2snhtb5M9liqDsmEw56le376mTZkEX/jEb/RxNFyegNul7eNslCXP9FDj/Lcu0X8KEyMceP2ntpaHrDEVA==}

  picomatch@2.3.1:
    resolution: {integrity: sha512-JU3teHTNjmE2VCGFzuY8EXzCDVwEqB2a8fsIvwaStHhAWJEeVd1o1QD80CU6+ZdEXXSLbSsuLwJjkCBWqRQUVA==}
    engines: {node: '>=8.6'}

  picomatch@4.0.2:
    resolution: {integrity: sha512-M7BAV6Rlcy5u+m6oPhAPFgJTzAioX/6B0DxyvDlo9l8+T3nLKbrczg2WLUyzd45L8RqfUMyGPzekbMvX2Ldkwg==}
    engines: {node: '>=12'}

  postcss@8.5.3:
    resolution: {integrity: sha512-dle9A3yYxlBSrt8Fu+IpjGT8SY8hN0mlaA6GY8t0P5PjIOZemULz/E2Bnm/2dcUOena75OTNkHI76uZBNUUq3A==}
    engines: {node: ^10 || ^12 || >=14}

  rollup@4.40.2:
    resolution: {integrity: sha512-tfUOg6DTP4rhQ3VjOO6B4wyrJnGOX85requAXvqYTHsOgb2TFJdZ3aWpT8W2kPoypSGP7dZUyzxJ9ee4buM5Fg==}
    engines: {node: '>=18.0.0', npm: '>=8.0.0'}
    hasBin: true

  rxjs@7.8.2:
    resolution: {integrity: sha512-dhKf903U/PQZY6boNNtAGdWbG85WAbjT/1xYoZIC7FAY0yWapOBQVsVrDl58W86//e1VpMNBtRV4MaXfdMySFA==}

  sass-embedded-android-arm64@1.89.1:
    resolution: {integrity: sha512-Je6x7uuJRGQdr5ziSJdaPA4NhBSO26BU/E55qiuMUZpjq2EWBEJPbNeugu/cWlCEmfqoVuxj37r8aEU+KG0H1g==}
    engines: {node: '>=14.0.0'}
    cpu: [arm64]
    os: [android]

  sass-embedded-android-arm@1.89.1:
    resolution: {integrity: sha512-wVchZSz8zbJBwwOs9/iwco/M5G3L5BaeqwUF1EC3Gtzn1BsXYUEkJfftW2HxGl4hQz2YlpR7BY1GRN817uxADA==}
    engines: {node: '>=14.0.0'}
    cpu: [arm]
    os: [android]

  sass-embedded-android-riscv64@1.89.1:
    resolution: {integrity: sha512-DhWe+A4RVtpHMVaQgdzRpiczAXKPl7XhyY9USkY9Xkhv94+csTfjyuFmsUuCpKSiQDQkD+rGByfg+9yQIk/RgQ==}
    engines: {node: '>=14.0.0'}
    cpu: [riscv64]
    os: [android]

  sass-embedded-android-x64@1.89.1:
    resolution: {integrity: sha512-LTEzxTXrv3evPiHBmDMtJtO5tEprg7bvNOwYTjDEhE9ZCYdb70l+haIY0dVyhGxyeaBJlyvatjWOKEduPP3Lyw==}
    engines: {node: '>=14.0.0'}
    cpu: [x64]
    os: [android]

  sass-embedded-darwin-arm64@1.89.1:
    resolution: {integrity: sha512-7qMO4BLdIOFMMc1M+hg5iWEjPxbPlH1XTPUCwyuXYqubz6kXkdrrtJXolNAAey/0ZOE6uXk0APugm93a/veQdQ==}
    engines: {node: '>=14.0.0'}
    cpu: [arm64]
    os: [darwin]

  sass-embedded-darwin-x64@1.89.1:
    resolution: {integrity: sha512-Jzuws3NNx4YtDdL2/skP8BvGqMBKn26XINehwLnD2kgbh0+k+vKNWt5JDomvIuZVLsK8zWrMoRkXpk4wuHdqrw==}
    engines: {node: '>=14.0.0'}
    cpu: [x64]
    os: [darwin]

  sass-embedded-linux-arm64@1.89.1:
    resolution: {integrity: sha512-h967EV2armjV+Re+hHv7LaIzCOvV6DoFod9GJhXTdnPvilqs7DAPTUfN07wOqbzjlaGEnITZXzLsWAoZ1Z7tWQ==}
    engines: {node: '>=14.0.0'}
    cpu: [arm64]
    os: [linux]

  sass-embedded-linux-arm@1.89.1:
    resolution: {integrity: sha512-8TvFr/lh7FARtNr9mM57m7NNvtSZwnlkXtfY1D48B81Ve6GgtLqQhELNzvTcfQ0WZa0aNnVjq9XUuWLlrMDaZQ==}
    engines: {node: '>=14.0.0'}
    cpu: [arm]
    os: [linux]

  sass-embedded-linux-musl-arm64@1.89.1:
    resolution: {integrity: sha512-l4TrsUmE3AEPy2gDThb+OQV5xSyrb807DJbkQiFtTwvtOZAAkoVl1v2QeocW0npgKjc/W7nHMiSempJe0UcV7w==}
    engines: {node: '>=14.0.0'}
    cpu: [arm64]
    os: [linux]

  sass-embedded-linux-musl-arm@1.89.1:
    resolution: {integrity: sha512-Tl8wDL+3qFa/AhvZZBb1OvhN1SvIsRSLaPdGP8cv3VmKKVBdlLp2zedPTlcLJpR9dG/bjtGJYGX15kWHAvZ6mQ==}
    engines: {node: '>=14.0.0'}
    cpu: [arm]
    os: [linux]

  sass-embedded-linux-musl-riscv64@1.89.1:
    resolution: {integrity: sha512-YJVZmz032U7dv4RW3u+SJGp+DQWmYWc5fX/aXzLuoL6PPUPon1/Sseaf/5YGtcuQf8RnxZBbM2nFHFVHDJfsQw==}
    engines: {node: '>=14.0.0'}
    cpu: [riscv64]
    os: [linux]

  sass-embedded-linux-musl-x64@1.89.1:
    resolution: {integrity: sha512-67ijpk87V0VlpdVTtgnfIzRkVUMtEH79nvGctvNpk0XT6v+oxoFRljFRiYItZOxb5gRZMnvtkgaz1VHVcMrhtg==}
    engines: {node: '>=14.0.0'}
    cpu: [x64]
    os: [linux]

  sass-embedded-linux-riscv64@1.89.1:
    resolution: {integrity: sha512-SQNWy5kUvlQJUKRXFy8jS05DBik+2ERIWDxOBk+QuJYEIktlA9fKKBU8c7RkgpZFNXSXZa0W1Gy27oOFCzhhuA==}
    engines: {node: '>=14.0.0'}
    cpu: [riscv64]
    os: [linux]

  sass-embedded-linux-x64@1.89.1:
    resolution: {integrity: sha512-KUqGzBvTDZG6D3Pq41sCzqO1wkxM0WmxxlI7PTuVkvgciTywHf8F7mkg2alMLVZQ6APJEYtlnCGQgn4cCgYsqw==}
    engines: {node: '>=14.0.0'}
    cpu: [x64]
    os: [linux]

  sass-embedded-win32-arm64@1.89.1:
    resolution: {integrity: sha512-Lk6dYA18RasZxQhShT91G7Z2o7+F9necTNJ951a5AICsSJpTbg3tTnAGB7Rvd6xB5reQSZoXfB/zXKEKwtzaow==}
    engines: {node: '>=14.0.0'}
    cpu: [arm64]
    os: [win32]

  sass-embedded-win32-x64@1.89.1:
    resolution: {integrity: sha512-YlvzrzFPHd4GKa04jMfP0t2DGJHPTm7zN4GEYtaOFqeS6BoEAUY5kBNYFy7zhwKesN3kGyU/D9rz1MfLRgGv0g==}
    engines: {node: '>=14.0.0'}
    cpu: [x64]
    os: [win32]

  sass-embedded@1.89.1:
    resolution: {integrity: sha512-alvGGlyYdkSXYKOfS/TTxUD0993EYOe3adIPtwCWEg037qe183p2dkYnbaRsCLJFKt+QoyRzhsrbCsK7sbR6MA==}
    engines: {node: '>=16.0.0'}
    hasBin: true

  source-map-js@1.2.1:
    resolution: {integrity: sha512-UXWMKhLOwVKb728IUtQPXxfYU+usdybtUrK/8uGE8CQMvrhOpwvzDBwj0QhSL7MQc7vIsISBG8VQ8+IDQxpfQA==}
    engines: {node: '>=0.10.0'}

  supports-color@8.1.1:
    resolution: {integrity: sha512-MpUEN2OodtUzxvKQl72cUF7RQ5EiHsGvSsVG0ia9c5RbWGL2CI4C7EpPS8UTBIplnlzZiNuV56w+FuNxy3ty2Q==}
    engines: {node: '>=10'}

  sync-child-process@1.0.2:
    resolution: {integrity: sha512-8lD+t2KrrScJ/7KXCSyfhT3/hRq78rC0wBFqNJXv3mZyn6hW2ypM05JmlSvtqRbeq6jqA94oHbxAr2vYsJ8vDA==}
    engines: {node: '>=16.0.0'}

  sync-message-port@1.1.3:
    resolution: {integrity: sha512-GTt8rSKje5FilG+wEdfCkOcLL7LWqpMlr2c3LRuKt/YXxcJ52aGSbGBAdI4L3aaqfrBt6y711El53ItyH1NWzg==}
    engines: {node: '>=16.0.0'}

  three@0.176.0:
    resolution: {integrity: sha512-PWRKYWQo23ojf9oZSlRGH8K09q7nRSWx6LY/HF/UUrMdYgN9i1e2OwJYHoQjwc6HF/4lvvYLC5YC1X8UJL2ZpA==}

  tinyglobby@0.2.13:
    resolution: {integrity: sha512-mEwzpUgrLySlveBwEVDMKk5B57bhLPYovRfPAXD5gA/98Opn0rCDj3GtLwFvCvH5RK9uPCExUROW5NjDwvqkxw==}
    engines: {node: '>=12.0.0'}

  to-regex-range@5.0.1:
    resolution: {integrity: sha512-65P7iz6X5yEr1cwcgvQxbbIw7Uk3gOy5dIdtZ4rDveLqhrdJP+Li/Hx6tyK0NEb+2GCyneCMJiGqrADCSNk8sQ==}
    engines: {node: '>=8.0'}

  tslib@2.8.1:
    resolution: {integrity: sha512-oJFu94HQb+KVduSUQL7wnpmqnfmLsOA/nAh6b6EH0wCEoK0/mPeXU6c3wKDV83MkOuHPRHtSXKKU99IBazS/2w==}

  undici-types@6.21.0:
    resolution: {integrity: sha512-iwDZqg0QAGrg9Rav5H4n0M64c3mkR59cJ6wQp+7C4nI0gsmExaedaYLNO44eT4AtBBwjbTiGPMlt2Md0T9H9JQ==}

  varint@6.0.0:
    resolution: {integrity: sha512-cXEIW6cfr15lFv563k4GuVuW/fiwjknytD37jIOLSdSWuOI6WnO/oKwmP2FQTU2l01LP8/M5TSAJpzUaGe3uWg==}

  vite-plugin-singlefile@2.2.0:
    resolution: {integrity: sha512-Ik1wXmJaGzeQtUeIV7JprDUqqy6DlLzXAY27Blei5peE4c9VJF+Kp9xWDJeuX0RJUZmFbIAuw1/RAh06A+Ql7w==}
    engines: {node: '>18.0.0'}
    peerDependencies:
      rollup: ^4.35.0
      vite: ^5.4.11 || ^6.0.0

  vite@6.3.5:
    resolution: {integrity: sha512-cZn6NDFE7wdTpINgs++ZJ4N49W2vRp8LCKrn3Ob1kYNtOo21vfDoaV5GzBfLU4MovSAB8uNRm4jgzVQZ+mBzPQ==}
    engines: {node: ^18.0.0 || ^20.0.0 || >=22.0.0}
    hasBin: true
    peerDependencies:
      '@types/node': ^18.0.0 || ^20.0.0 || >=22.0.0
      jiti: '>=1.21.0'
      less: '*'
      lightningcss: ^1.21.0
      sass: '*'
      sass-embedded: '*'
      stylus: '*'
      sugarss: '*'
      terser: ^5.16.0
      tsx: ^4.8.1
      yaml: ^2.4.2
    peerDependenciesMeta:
      '@types/node':
        optional: true
      jiti:
        optional: true
      less:
        optional: true
      lightningcss:
        optional: true
      sass:
        optional: true
      sass-embedded:
        optional: true
      stylus:
        optional: true
      sugarss:
        optional: true
      terser:
        optional: true
      tsx:
        optional: true
      yaml:
        optional: true

snapshots:

  '@bufbuild/protobuf@2.5.1': {}

  '@esbuild/aix-ppc64@0.25.4':
    optional: true

  '@esbuild/android-arm64@0.25.4':
    optional: true

  '@esbuild/android-arm@0.25.4':
    optional: true

  '@esbuild/android-x64@0.25.4':
    optional: true

  '@esbuild/darwin-arm64@0.25.4':
    optional: true

  '@esbuild/darwin-x64@0.25.4':
    optional: true

  '@esbuild/freebsd-arm64@0.25.4':
    optional: true

  '@esbuild/freebsd-x64@0.25.4':
    optional: true

  '@esbuild/linux-arm64@0.25.4':
    optional: true

  '@esbuild/linux-arm@0.25.4':
    optional: true

  '@esbuild/linux-ia32@0.25.4':
    optional: true

  '@esbuild/linux-loong64@0.25.4':
    optional: true

  '@esbuild/linux-mips64el@0.25.4':
    optional: true

  '@esbuild/linux-ppc64@0.25.4':
    optional: true

  '@esbuild/linux-riscv64@0.25.4':
    optional: true

  '@esbuild/linux-s390x@0.25.4':
    optional: true

  '@esbuild/linux-x64@0.25.4':
    optional: true

  '@esbuild/netbsd-arm64@0.25.4':
    optional: true

  '@esbuild/netbsd-x64@0.25.4':
    optional: true

  '@esbuild/openbsd-arm64@0.25.4':
    optional: true

  '@esbuild/openbsd-x64@0.25.4':
    optional: true

  '@esbuild/sunos-x64@0.25.4':
    optional: true

  '@esbuild/win32-arm64@0.25.4':
    optional: true

  '@esbuild/win32-ia32@0.25.4':
    optional: true

  '@esbuild/win32-x64@0.25.4':
    optional: true

  '@rollup/rollup-android-arm-eabi@4.40.2':
    optional: true

  '@rollup/rollup-android-arm64@4.40.2':
    optional: true

  '@rollup/rollup-darwin-arm64@4.40.2':
    optional: true

  '@rollup/rollup-darwin-x64@4.40.2':
    optional: true

  '@rollup/rollup-freebsd-arm64@4.40.2':
    optional: true

  '@rollup/rollup-freebsd-x64@4.40.2':
    optional: true

  '@rollup/rollup-linux-arm-gnueabihf@4.40.2':
    optional: true

  '@rollup/rollup-linux-arm-musleabihf@4.40.2':
    optional: true

  '@rollup/rollup-linux-arm64-gnu@4.40.2':
    optional: true

  '@rollup/rollup-linux-arm64-musl@4.40.2':
    optional: true

  '@rollup/rollup-linux-loongarch64-gnu@4.40.2':
    optional: true

  '@rollup/rollup-linux-powerpc64le-gnu@4.40.2':
    optional: true

  '@rollup/rollup-linux-riscv64-gnu@4.40.2':
    optional: true

  '@rollup/rollup-linux-riscv64-musl@4.40.2':
    optional: true

  '@rollup/rollup-linux-s390x-gnu@4.40.2':
    optional: true

  '@rollup/rollup-linux-x64-gnu@4.40.2':
    optional: true

  '@rollup/rollup-linux-x64-musl@4.40.2':
    optional: true

  '@rollup/rollup-win32-arm64-msvc@4.40.2':
    optional: true

  '@rollup/rollup-win32-ia32-msvc@4.40.2':
    optional: true

  '@rollup/rollup-win32-x64-msvc@4.40.2':
    optional: true

  '@types/estree@1.0.7': {}

  '@types/node@22.15.14':
    dependencies:
      undici-types: 6.21.0
    optional: true

  braces@3.0.3:
    dependencies:
      fill-range: 7.1.1

  buffer-builder@0.2.0: {}

  colorjs.io@0.5.2: {}

  esbuild@0.25.4:
    optionalDependencies:
      '@esbuild/aix-ppc64': 0.25.4
      '@esbuild/android-arm': 0.25.4
      '@esbuild/android-arm64': 0.25.4
      '@esbuild/android-x64': 0.25.4
      '@esbuild/darwin-arm64': 0.25.4
      '@esbuild/darwin-x64': 0.25.4
      '@esbuild/freebsd-arm64': 0.25.4
      '@esbuild/freebsd-x64': 0.25.4
      '@esbuild/linux-arm': 0.25.4
      '@esbuild/linux-arm64': 0.25.4
      '@esbuild/linux-ia32': 0.25.4
      '@esbuild/linux-loong64': 0.25.4
      '@esbuild/linux-mips64el': 0.25.4
      '@esbuild/linux-ppc64': 0.25.4
      '@esbuild/linux-riscv64': 0.25.4
      '@esbuild/linux-s390x': 0.25.4
      '@esbuild/linux-x64': 0.25.4
      '@esbuild/netbsd-arm64': 0.25.4
      '@esbuild/netbsd-x64': 0.25.4
      '@esbuild/openbsd-arm64': 0.25.4
      '@esbuild/openbsd-x64': 0.25.4
      '@esbuild/sunos-x64': 0.25.4
      '@esbuild/win32-arm64': 0.25.4
      '@esbuild/win32-ia32': 0.25.4
      '@esbuild/win32-x64': 0.25.4

  fdir@6.4.4(picomatch@4.0.2):
    optionalDependencies:
      picomatch: 4.0.2

  fill-range@7.1.1:
    dependencies:
      to-regex-range: 5.0.1

  fsevents@2.3.3:
    optional: true

  has-flag@4.0.0: {}

  immutable@5.1.2: {}

  is-number@7.0.0: {}

  micromatch@4.0.8:
    dependencies:
      braces: 3.0.3
      picomatch: 2.3.1

  nanoid@3.3.11: {}

  picocolors@1.1.1: {}

  picomatch@2.3.1: {}

  picomatch@4.0.2: {}

  postcss@8.5.3:
    dependencies:
      nanoid: 3.3.11
      picocolors: 1.1.1
      source-map-js: 1.2.1

  rollup@4.40.2:
    dependencies:
      '@types/estree': 1.0.7
    optionalDependencies:
      '@rollup/rollup-android-arm-eabi': 4.40.2
      '@rollup/rollup-android-arm64': 4.40.2
      '@rollup/rollup-darwin-arm64': 4.40.2
      '@rollup/rollup-darwin-x64': 4.40.2
      '@rollup/rollup-freebsd-arm64': 4.40.2
      '@rollup/rollup-freebsd-x64': 4.40.2
      '@rollup/rollup-linux-arm-gnueabihf': 4.40.2
      '@rollup/rollup-linux-arm-musleabihf': 4.40.2
      '@rollup/rollup-linux-arm64-gnu': 4.40.2
      '@rollup/rollup-linux-arm64-musl': 4.40.2
      '@rollup/rollup-linux-loongarch64-gnu': 4.40.2
      '@rollup/rollup-linux-powerpc64le-gnu': 4.40.2
      '@rollup/rollup-linux-riscv64-gnu': 4.40.2
      '@rollup/rollup-linux-riscv64-musl': 4.40.2
      '@rollup/rollup-linux-s390x-gnu': 4.40.2
      '@rollup/rollup-linux-x64-gnu': 4.40.2
      '@rollup/rollup-linux-x64-musl': 4.40.2
      '@rollup/rollup-win32-arm64-msvc': 4.40.2
      '@rollup/rollup-win32-ia32-msvc': 4.40.2
      '@rollup/rollup-win32-x64-msvc': 4.40.2
      fsevents: 2.3.3

  rxjs@7.8.2:
    dependencies:
      tslib: 2.8.1

  sass-embedded-android-arm64@1.89.1:
    optional: true

  sass-embedded-android-arm@1.89.1:
    optional: true

  sass-embedded-android-riscv64@1.89.1:
    optional: true

  sass-embedded-android-x64@1.89.1:
    optional: true

  sass-embedded-darwin-arm64@1.89.1:
    optional: true

  sass-embedded-darwin-x64@1.89.1:
    optional: true

  sass-embedded-linux-arm64@1.89.1:
    optional: true

  sass-embedded-linux-arm@1.89.1:
    optional: true

  sass-embedded-linux-musl-arm64@1.89.1:
    optional: true

  sass-embedded-linux-musl-arm@1.89.1:
    optional: true

  sass-embedded-linux-musl-riscv64@1.89.1:
    optional: true

  sass-embedded-linux-musl-x64@1.89.1:
    optional: true

  sass-embedded-linux-riscv64@1.89.1:
    optional: true

  sass-embedded-linux-x64@1.89.1:
    optional: true

  sass-embedded-win32-arm64@1.89.1:
    optional: true

  sass-embedded-win32-x64@1.89.1:
    optional: true

  sass-embedded@1.89.1:
    dependencies:
      '@bufbuild/protobuf': 2.5.1
      buffer-builder: 0.2.0
      colorjs.io: 0.5.2
      immutable: 5.1.2
      rxjs: 7.8.2
      supports-color: 8.1.1
      sync-child-process: 1.0.2
      varint: 6.0.0
    optionalDependencies:
      sass-embedded-android-arm: 1.89.1
      sass-embedded-android-arm64: 1.89.1
      sass-embedded-android-riscv64: 1.89.1
      sass-embedded-android-x64: 1.89.1
      sass-embedded-darwin-arm64: 1.89.1
      sass-embedded-darwin-x64: 1.89.1
      sass-embedded-linux-arm: 1.89.1
      sass-embedded-linux-arm64: 1.89.1
      sass-embedded-linux-musl-arm: 1.89.1
      sass-embedded-linux-musl-arm64: 1.89.1
      sass-embedded-linux-musl-riscv64: 1.89.1
      sass-embedded-linux-musl-x64: 1.89.1
      sass-embedded-linux-riscv64: 1.89.1
      sass-embedded-linux-x64: 1.89.1
      sass-embedded-win32-arm64: 1.89.1
      sass-embedded-win32-x64: 1.89.1

  source-map-js@1.2.1: {}

  supports-color@8.1.1:
    dependencies:
      has-flag: 4.0.0

  sync-child-process@1.0.2:
    dependencies:
      sync-message-port: 1.1.3

  sync-message-port@1.1.3: {}

  three@0.176.0: {}

  tinyglobby@0.2.13:
    dependencies:
      fdir: 6.4.4(picomatch@4.0.2)
      picomatch: 4.0.2

  to-regex-range@5.0.1:
    dependencies:
      is-number: 7.0.0

  tslib@2.8.1: {}

  undici-types@6.21.0:
    optional: true

  varint@6.0.0: {}

  vite-plugin-singlefile@2.2.0(rollup@4.40.2)(vite@6.3.5(@types/node@22.15.14)(sass-embedded@1.89.1)):
    dependencies:
      micromatch: 4.0.8
      rollup: 4.40.2
      vite: 6.3.5(@types/node@22.15.14)(sass-embedded@1.89.1)

  vite@6.3.5(@types/node@22.15.14)(sass-embedded@1.89.1):
    dependencies:
      esbuild: 0.25.4
      fdir: 6.4.4(picomatch@4.0.2)
      picomatch: 4.0.2
      postcss: 8.5.3
      rollup: 4.40.2
      tinyglobby: 0.2.13
    optionalDependencies:
      '@types/node': 22.15.14
      fsevents: 2.3.3
      sass-embedded: 1.89.1
